
Microsoft Visual Studio Solution File, Format Version 12.00
# Visual Studio Version 17
VisualStudioVersion = 17.4.33213.308
MinimumVisualStudioVersion = 10.0.40219.1
Project("{FAE04EC0-301F-11D3-BF4B-00C04F79EFBC}") = "ProjectName", "ProjectName.csproj", "{EAB534C5-DF26-40D6-B508-7095C49BA4FA}"
EndProject
Global
	GlobalSection(SolutionConfigurationPlatforms) = preSolution
		Debug|Any CPU = Debug|Any CPU
		Release|Any CPU = Release|Any CPU
	EndGlobalSection
	GlobalSection(ProjectConfigurationPlatforms) = postSolution
		{EAB534C5-DF26-40D6-B508-7095C49BA4FA}.Debug|Any CPU.ActiveCfg = Debug|Any CPU
		{EAB534C5-DF26-40D6-B508-7095C49BA4FA}.Debug|Any CPU.Build.0 = Debug|Any CPU
		{EAB534C5-DF26-40D6-B508-7095C49BA4FA}.Release|Any CPU.ActiveCfg = Release|Any CPU
		{EAB534C5-DF26-40D6-B508-7095C49BA4FA}.Release|Any CPU.Build.0 = Release|Any CPU
	EndGlobalSection
	GlobalSection(SolutionProperties) = preSolution
		HideSolutionNode = FALSE
	EndGlobalSection
	GlobalSection(ExtensibilityGlobals) = postSolution
		SolutionGuid = {57FFC75A-894A-47CA-9549-630F3CD72663}
	EndGlobalSection
EndGlobal
